
Microsoft Visual Studio Solution File, Format Version 12.00
# Visual Studio Version 17
VisualStudioVersion = 17.9.34723.18
MinimumVisualStudioVersion = 10.0.40219.1
Project("{FAE04EC0-301F-11D3-BF4B-00C04F79EFBC}") = "YouTubeHelper", "YouTubeHelper\YouTubeHelper.csproj", "{9D65CA44-9691-4933-ABFB-B41E071F0680}"
EndProject
Global
	GlobalSection(SolutionConfigurationPlatforms) = preSolution
		Debug|Any CPU = Debug|Any CPU
		Release|Any CPU = Release|Any CPU
	EndGlobalSection
	GlobalSection(ProjectConfigurationPlatforms) = postSolution
		{9D65CA44-9691-4933-ABFB-B41E071F0680}.Debug|Any CPU.ActiveCfg = Debug|Any CPU
		{9D65CA44-9691-4933-ABFB-B41E071F0680}.Debug|Any CPU.Build.0 = Debug|Any CPU
		{9D65CA44-9691-4933-ABFB-B41E071F0680}.Release|Any CPU.ActiveCfg = Release|Any CPU
		{9D65CA44-9691-4933-ABFB-B41E071F0680}.Release|Any CPU.Build.0 = Release|Any CPU
	EndGlobalSection
	GlobalSection(SolutionProperties) = preSolution
		HideSolutionNode = FALSE
	EndGlobalSection
	GlobalSection(ExtensibilityGlobals) = postSolution
		SolutionGuid = {F808745B-8152-45AF-BF2F-2563A5C9AC8D}
	EndGlobalSection
EndGlobal
